
Microsoft Visual Studio Solution File, Format Version 12.00
# Visual Studio Version 17
VisualStudioVersion = 17.11.35312.102
MinimumVisualStudioVersion = 10.0.40219.1
Project("{FAE04EC0-301F-11D3-BF4B-00C04F79EFBC}") = "LV1-2-RSSV", "LV1-2-RSSV.csproj", "{132A416A-313C-4A42-9D45-742E81D81D55}"
EndProject
Global
	GlobalSection(SolutionConfigurationPlatforms) = preSolution
		Debug|Any CPU = Debug|Any CPU
		Release|Any CPU = Release|Any CPU
	EndGlobalSection
	GlobalSection(ProjectConfigurationPlatforms) = postSolution
		{132A416A-313C-4A42-9D45-742E81D81D55}.Debug|Any CPU.ActiveCfg = Debug|Any CPU
		{132A416A-313C-4A42-9D45-742E81D81D55}.Debug|Any CPU.Build.0 = Debug|Any CPU
		{132A416A-313C-4A42-9D45-742E81D81D55}.Release|Any CPU.ActiveCfg = Release|Any CPU
		{132A416A-313C-4A42-9D45-742E81D81D55}.Release|Any CPU.Build.0 = Release|Any CPU
	EndGlobalSection
	GlobalSection(SolutionProperties) = preSolution
		HideSolutionNode = FALSE
	EndGlobalSection
	GlobalSection(ExtensibilityGlobals) = postSolution
		SolutionGuid = {33EE86CD-BD17-4EC8-A71D-516E910FDF43}
	EndGlobalSection
EndGlobal
